
Microsoft Visual Studio Solution File, Format Version 12.00
# Visual Studio Version 17
VisualStudioVersion = 17.10.35013.160
MinimumVisualStudioVersion = 10.0.40219.1
Project("{FAE04EC0-301F-11D3-BF4B-00C04F79EFBC}") = "WpfAppHangedMan", "WpfAppHangedMan\WpfAppHangedMan.csproj", "{BFB3980D-52FF-4BCD-BA70-9896BAFCEDB8}"
EndProject
Global
	GlobalSection(SolutionConfigurationPlatforms) = preSolution
		Debug|Any CPU = Debug|Any CPU
		Release|Any CPU = Release|Any CPU
	EndGlobalSection
	GlobalSection(ProjectConfigurationPlatforms) = postSolution
		{BFB3980D-52FF-4BCD-BA70-9896BAFCEDB8}.Debug|Any CPU.ActiveCfg = Debug|Any CPU
		{BFB3980D-52FF-4BCD-BA70-9896BAFCEDB8}.Debug|Any CPU.Build.0 = Debug|Any CPU
		{BFB3980D-52FF-4BCD-BA70-9896BAFCEDB8}.Release|Any CPU.ActiveCfg = Release|Any CPU
		{BFB3980D-52FF-4BCD-BA70-9896BAFCEDB8}.Release|Any CPU.Build.0 = Release|Any CPU
	EndGlobalSection
	GlobalSection(SolutionProperties) = preSolution
		HideSolutionNode = FALSE
	EndGlobalSection
	GlobalSection(ExtensibilityGlobals) = postSolution
		SolutionGuid = {259B7265-A56C-48C0-89DC-CE046B5BA370}
	EndGlobalSection
EndGlobal
